
Microsoft Visual Studio Solution File, Format Version 12.00
# Visual Studio 2013
VisualStudioVersion = 12.0.40629.0
MinimumVisualStudioVersion = 10.0.40219.1
Project("{FAE04EC0-301F-11D3-BF4B-00C04F79EFBC}") = "DapperWebApp", "DapperWebApp\DapperWebApp.csproj", "{3398C12B-5178-4665-9A67-38BBF4B9037D}"
EndProject
Project("{FAE04EC0-301F-11D3-BF4B-00C04F79EFBC}") = "DapperWebData", "DapperWebData\DapperWebData.csproj", "{14DF2066-25FF-4CAC-A7F1-E4C77B064EB4}"
EndProject
Global
	GlobalSection(SolutionConfigurationPlatforms) = preSolution
		Debug|Any CPU = Debug|Any CPU
		Release|Any CPU = Release|Any CPU
	EndGlobalSection
	GlobalSection(ProjectConfigurationPlatforms) = postSolution
		{3398C12B-5178-4665-9A67-38BBF4B9037D}.Debug|Any CPU.ActiveCfg = Debug|Any CPU
		{3398C12B-5178-4665-9A67-38BBF4B9037D}.Debug|Any CPU.Build.0 = Debug|Any CPU
		{3398C12B-5178-4665-9A67-38BBF4B9037D}.Release|Any CPU.ActiveCfg = Release|Any CPU
		{3398C12B-5178-4665-9A67-38BBF4B9037D}.Release|Any CPU.Build.0 = Release|Any CPU
		{14DF2066-25FF-4CAC-A7F1-E4C77B064EB4}.Debug|Any CPU.ActiveCfg = Debug|Any CPU
		{14DF2066-25FF-4CAC-A7F1-E4C77B064EB4}.Debug|Any CPU.Build.0 = Debug|Any CPU
		{14DF2066-25FF-4CAC-A7F1-E4C77B064EB4}.Release|Any CPU.ActiveCfg = Release|Any CPU
		{14DF2066-25FF-4CAC-A7F1-E4C77B064EB4}.Release|Any CPU.Build.0 = Release|Any CPU
	EndGlobalSection
	GlobalSection(SolutionProperties) = preSolution
		HideSolutionNode = FALSE
	EndGlobalSection
EndGlobal
